
Microsoft Visual Studio Solution File, Format Version 12.00
# Visual Studio Version 17
VisualStudioVersion = 17.8.34330.188
MinimumVisualStudioVersion = 10.0.40219.1
Project("{FAE04EC0-301F-11D3-BF4B-00C04F79EFBC}") = "Template_Pattern", "Template_Pattern\Template_Pattern.csproj", "{7754751F-22E0-4FFC-901A-483BDC214226}"
EndProject
Global
	GlobalSection(SolutionConfigurationPlatforms) = preSolution
		Debug|Any CPU = Debug|Any CPU
		Release|Any CPU = Release|Any CPU
	EndGlobalSection
	GlobalSection(ProjectConfigurationPlatforms) = postSolution
		{7754751F-22E0-4FFC-901A-483BDC214226}.Debug|Any CPU.ActiveCfg = Debug|Any CPU
		{7754751F-22E0-4FFC-901A-483BDC214226}.Debug|Any CPU.Build.0 = Debug|Any CPU
		{7754751F-22E0-4FFC-901A-483BDC214226}.Release|Any CPU.ActiveCfg = Release|Any CPU
		{7754751F-22E0-4FFC-901A-483BDC214226}.Release|Any CPU.Build.0 = Release|Any CPU
	EndGlobalSection
	GlobalSection(SolutionProperties) = preSolution
		HideSolutionNode = FALSE
	EndGlobalSection
	GlobalSection(ExtensibilityGlobals) = postSolution
		SolutionGuid = {7A5C589F-B7EF-4B4B-B26D-968FD0A952F0}
	EndGlobalSection
EndGlobal
